# This file was autogenerated by Stack.
# You should not edit this file by hand.
# For more information, please see the documentation at:
#   https://docs.haskellstack.org/en/stable/lock_files

packages:
- completed:
    hackage: attoparsec-ip-0.0.5@sha256:a92d0c3416be880ee299a258f709dbdf1580947afabb621bb9bb83bb189f89a2,1553
    pantry-tree:
      size: 323
      sha256: ab172a4c172359b8644fb30dc7578d85471f798b6af33f204b0c576f4c7638dd
  original:
    hackage: attoparsec-ip-0.0.5
- completed:
    hackage: attoparsec-uri-0.0.7@sha256:9b37a8efadb41d04ab5359909b1d7d93a80c193b1d8c290f75632470be63788c,1805
    pantry-tree:
      size: 441
      sha256: c00f782b99f0da7b57ae7d593606d9e3181b48b19493447211dde90ceea84bc3
  original:
    hackage: attoparsec-uri-0.0.7
- completed:
    hackage: chan-0.0.4@sha256:b80d9afad3f6a1588724ced2aa764f6405b33ab4ef90eb484255a50f1fed4909,1472
    pantry-tree:
      size: 561
      sha256: 2cdb1f601c95b43e2adf61d6f7fa08a2559322850adfac3a4a202ec8f29916fd
  original:
    hackage: chan-0.0.4
- completed:
    hackage: emailaddress-0.2.0.0@sha256:2c6c10bca535ab6ffff8508f0862a1a729bd7b575b9f1b9f903624da7d1dc0fd,1754
    pantry-tree:
      size: 451
      sha256: 606a6d8718a195de41fbbf8da8ee67fd327ffd9ca175a1782eb2a33d24d1d293
  original:
    hackage: emailaddress-0.2.0.0
- completed:
    hackage: ip-1.4.1@sha256:cd81f3f18c7cd0bdf7153e53dac7687e9e1ac700e159592afa8f5401e3d5a465,3418
    pantry-tree:
      size: 1504
      sha256: 5e3ff3a9d5ef439f4dcca1999dfee51de18837d642f1fae4ac37fb9d90cdcfea
  original:
    hackage: ip-1.4.1
- completed:
    hackage: opaleye-0.6.7003.1@sha256:48ee3eb0cad7ce9f3d8e6edf07c47bd3eacd811c67fc5ab3a45275c3dbd702c7,5331
    pantry-tree:
      size: 4713
      sha256: 663332c25b96ffee3f20d39d82fb9b0f071d865c6b782d37688c68392ea3f590
  original:
    hackage: opaleye-0.6.7003.1
- completed:
    hackage: purescript-iso-0.0.6@sha256:0d1779acfadd6247762ab9e68bbbbf105dcd81b834fe523bb919f2c11b3b5db1,2639
    pantry-tree:
      size: 1207
      sha256: 561403b0f47508c421eb5520a5929f0b5ef425dc5189ca55ebe6010fb01efdc1
  original:
    hackage: purescript-iso-0.0.6
- completed:
    hackage: zeromq4-simple-0.0.0@sha256:635d768c7c0bb743f582324b3179f1523b1f6805c5b16c31352517ed88ba075b,1114
    pantry-tree:
      size: 322
      sha256: 608307115eb5b7b7f5153f893b69feff892c453e9ba8d0f43b0f36b8caf5631a
  original:
    hackage: zeromq4-simple-0.0.0
snapshots:
- completed:
    size: 499143
    url: https://raw.githubusercontent.com/commercialhaskell/stackage-snapshots/master/lts/12/0.yaml
    sha256: 781ea577595dff08b9c8794761ba1321020e3e1ec3297fb833fe951cce1bee11
  original: lts-12.0
